{
  "version": 1,
  "dependencies": {
    ".NETStandard,Version=v2.0": {
      "NETStandard.Library": {
        "type": "Direct",
        "requested": "[2.0.3, )",
        "resolved": "2.0.3",
        "contentHash": "st47PosZSHrjECdjeIzZQbzivYBJFv6P2nv4cj2ypdI204DO+vZ7l5raGMiX4eXMJ53RfOIg+/s4DHVZ54Nu2A==",
        "dependencies": {
          "Microsoft.NETCore.Platforms": "1.1.0"
        }
      },
      "PowerShellStandard.Library": {
        "type": "Direct",
        "requested": "[5.1.0, )",
        "resolved": "5.1.0",
        "contentHash": "iYaRvQsM1fow9h3uEmio+2m2VXfulgI16AYHaTZ8Sf7erGe27Qc8w/h6QL5UPuwv1aXR40QfzMEwcCeiYJp2cw=="
      },
      "Trackyon.System.Management.Automation.Abstractions": {
        "type": "Direct",
        "requested": "[1.0.0, )",
        "resolved": "1.0.0",
        "contentHash": "fdyWRQp9UoURi9FnxHO92JAKnQCSvjNXi/A5B0eEmy+Baivedx5KOwKcdoQMzIpgi0aqwndI2BnlFUysV3pMQQ==",
        "dependencies": {
          "PowerShellStandard.Library": "5.1.0"
        }
      },
      "Microsoft.NETCore.Platforms": {
        "type": "Transitive",
        "resolved": "1.1.0",
        "contentHash": "kz0PEW2lhqygehI/d6XsPCQzD7ff7gUJaVGPVETX611eadGsA3A877GdSlU0LRVMCTH/+P3o2iDTak+S08V2+A=="
      }
    }
  }
}